
Microsoft Visual Studio Solution File, Format Version 12.00
# Visual Studio Version 17
VisualStudioVersion = 17.9.34714.143
MinimumVisualStudioVersion = 10.0.40219.1
Project("{FAE04EC0-301F-11D3-BF4B-00C04F79EFBC}") = "Projeto Banco", "Projeto Banco\Projeto Banco.csproj", "{0A0F3015-6B82-409B-BB83-E2F3ACBD7155}"
EndProject
Global
	GlobalSection(SolutionConfigurationPlatforms) = preSolution
		Debug|Any CPU = Debug|Any CPU
		Release|Any CPU = Release|Any CPU
	EndGlobalSection
	GlobalSection(ProjectConfigurationPlatforms) = postSolution
		{0A0F3015-6B82-409B-BB83-E2F3ACBD7155}.Debug|Any CPU.ActiveCfg = Debug|Any CPU
		{0A0F3015-6B82-409B-BB83-E2F3ACBD7155}.Debug|Any CPU.Build.0 = Debug|Any CPU
		{0A0F3015-6B82-409B-BB83-E2F3ACBD7155}.Release|Any CPU.ActiveCfg = Release|Any CPU
		{0A0F3015-6B82-409B-BB83-E2F3ACBD7155}.Release|Any CPU.Build.0 = Release|Any CPU
	EndGlobalSection
	GlobalSection(SolutionProperties) = preSolution
		HideSolutionNode = FALSE
	EndGlobalSection
	GlobalSection(ExtensibilityGlobals) = postSolution
		SolutionGuid = {C0AAE319-5F51-4DD5-A9FB-E83E34EF26F4}
	EndGlobalSection
EndGlobal
